PODS:
  - EZAudio (1.0.0):
    - EZAudio/Full (= 1.0.0)
  - EZAudio/Core (1.0.0)
  - EZAudio/Full (1.0.0):
    - EZAudio/Core
    - TPCircularBuffer (~> 0.0)
  - STK (4.5.2)
  - TPCircularBuffer (0.0.1)

DEPENDENCIES:
  - EZAudio (~> 1.0)
  - STK (~> 4.5)

SPEC CHECKSUMS:
  EZAudio: 6b83d6b1a1bdabfae3a2f8fa62265df1820d2adf
  STK: fb6c5502e75b35f6c1e8d0e6861cfdb89fdc2d17
  TPCircularBuffer: 949e9632b9fb99b7274d7b2296ee22bff5841e35

COCOAPODS: 0.37.2
